# Generated by conda-lock.
# platform: linux-64
# env_hash: 3640f7eec9c2f430de6ee3d2b5aac66d01b58d3db3f16d34fd2c308011b0b928
@EXPLICIT
https://conda.anaconda.org/conda-forge/linux-64/_libgcc_mutex-0.1-conda_forge.tar.bz2#d7c89558ba9fa0495403155b64376d81
https://conda.anaconda.org/conda-forge/linux-64/ca-certificates-2021.5.30-ha878542_0.tar.bz2#6a777890e94194dc94a29a76d2a7e721
https://conda.anaconda.org/conda-forge/linux-64/ld_impl_linux-64-2.36.1-hea4e1c9_2.tar.bz2#bd4f2e711b39af170e7ff15163fe87ee
https://conda.anaconda.org/conda-forge/linux-64/libgfortran5-11.1.0-h6c583b3_8.tar.bz2#478b6358c5d08b7e133a5da71c5c81bd
https://conda.anaconda.org/conda-forge/linux-64/libstdcxx-ng-11.1.0-h56837e0_8.tar.bz2#930957b6bff66cfd539ada080c5ca3e8
https://conda.anaconda.org/conda-forge/linux-64/libgfortran-ng-11.1.0-h69a702a_8.tar.bz2#7bacab270c077a054525e8afe29feaa9
https://conda.anaconda.org/conda-forge/linux-64/libgomp-11.1.0-hc902ee8_8.tar.bz2#f2dd961d1ae80d9d81b3d5068807f11b
https://conda.anaconda.org/conda-forge/linux-64/_openmp_mutex-4.5-1_gnu.tar.bz2#561e277319a41d4f24f5c05a9ef63c04
https://conda.anaconda.org/conda-forge/linux-64/libgcc-ng-11.1.0-hc902ee8_8.tar.bz2#da6221956ce8582d8e71acc16dfe4c3e
https://conda.anaconda.org/conda-forge/linux-64/libffi-3.3-h58526e2_2.tar.bz2#665369991d8dd290ac5ee92fce3e6bf5
https://conda.anaconda.org/conda-forge/linux-64/libopenblas-0.3.17-pthreads_h8fe5266_1.tar.bz2#7f96c04618e952e0f9d94d5e07545a71
https://conda.anaconda.org/conda-forge/linux-64/ncurses-6.2-h58526e2_4.tar.bz2#509f2a21c4a09214cd737a480dfd80c9
https://conda.anaconda.org/conda-forge/linux-64/openssl-1.1.1k-h7f98852_0.tar.bz2#07fae2cb088379c8441e0f3ffa1f4025
https://conda.anaconda.org/conda-forge/linux-64/xz-5.2.5-h516909a_1.tar.bz2#33f601066901f3e1a85af3522a8113f9
https://conda.anaconda.org/conda-forge/linux-64/yaml-0.2.5-h516909a_0.tar.bz2#03a530e925414902547cf48da7756db8
https://conda.anaconda.org/conda-forge/linux-64/zlib-1.2.11-h516909a_1010.tar.bz2#339cc5584e6d26bc73a875ba900028c3
https://conda.anaconda.org/conda-forge/linux-64/libblas-3.9.0-10_openblas.tar.bz2#fc12bc19cf81529176e06af4342098ad
https://conda.anaconda.org/conda-forge/linux-64/readline-8.1-h46c0cb4_0.tar.bz2#5788de3c8d7a7d64ac56c784c4ef48e6
https://conda.anaconda.org/conda-forge/linux-64/tk-8.6.10-h21135ba_1.tar.bz2#c647f70aa7e3d4cc4e029cc1c9a99953
https://conda.anaconda.org/conda-forge/linux-64/libcblas-3.9.0-10_openblas.tar.bz2#a4cf70d0260c0c67407323d8bba8f600
https://conda.anaconda.org/conda-forge/linux-64/liblapack-3.9.0-10_openblas.tar.bz2#79d2c73a085ba771bc9c19817a37f1a5
https://conda.anaconda.org/conda-forge/linux-64/sqlite-3.36.0-h9cd32fc_0.tar.bz2#d5bbac924cbda57469f43448d5236a50
https://conda.anaconda.org/conda-forge/linux-64/python-3.8.10-h49503c6_1_cpython.tar.bz2#69f7d6ef1f00c3a109b1b06279e6d6a9
https://conda.anaconda.org/conda-forge/noarch/appdirs-1.4.4-pyh9f0ad1d_0.tar.bz2#5f095bc6454094e96f146491fd03633b
https://conda.anaconda.org/conda-forge/noarch/charset-normalizer-2.0.0-pyhd8ed1ab_0.tar.bz2#4a57e24d5b759893615c05926b7b5fb9
https://conda.anaconda.org/conda-forge/noarch/dash-renderer-1.9.1-pyhd8ed1ab_0.tar.bz2#3fd6b29fd25a5880bbf13d4f9c68ead2
https://conda.anaconda.org/conda-forge/noarch/dataclasses-0.8-pyhc8e2a94_1.tar.bz2#28e0de0ecba81334619a777fdc00febc
https://conda.anaconda.org/conda-forge/noarch/filelock-3.0.12-pyh9f0ad1d_0.tar.bz2#7544ed05bbbe9bb687bc9bcbe4d6cb46
https://conda.anaconda.org/conda-forge/noarch/idna-3.1-pyhd3deb0d_0.tar.bz2#9c9aea4b8391264477df484f798562d0
https://conda.anaconda.org/conda-forge/noarch/itsdangerous-2.0.1-pyhd8ed1ab_0.tar.bz2#030cb050b845611262dcd3ee1c66316b
https://conda.anaconda.org/conda-forge/noarch/pycparser-2.20-pyh9f0ad1d_2.tar.bz2#aa798d50ffd182a0f6f31478c7f434f6
https://conda.anaconda.org/conda-forge/linux-64/python_abi-3.8-2_cp38.tar.bz2#bfbb29d517281e78ac53e48d21e6e860
https://conda.anaconda.org/conda-forge/noarch/pytz-2021.1-pyhd8ed1ab_0.tar.bz2#3af2e9424d5eb0063824a3f9b850d411
https://conda.anaconda.org/conda-forge/noarch/six-1.16.0-pyh6c4a22f_0.tar.bz2#e5f25f8dbc060e9a8d912e432202afc2
https://conda.anaconda.org/conda-forge/noarch/tenacity-8.0.1-pyhd8ed1ab_0.tar.bz2#8b29b2c12cb21dbd057755e5fd22d005
https://conda.anaconda.org/conda-forge/noarch/toml-0.10.2-pyhd8ed1ab_0.tar.bz2#f832c45a477c78bebd107098db465095
https://conda.anaconda.org/conda-forge/linux-64/brotli-python-1.0.9-py38h709712a_5.tar.bz2#3f29c62c1cfb47300fc17f1bbaadab20
https://conda.anaconda.org/conda-forge/linux-64/certifi-2021.5.30-py38h578d9bd_0.tar.bz2#a2e14464711f8e76010cd7e0c49bc4ae
https://conda.anaconda.org/conda-forge/linux-64/cffi-1.14.6-py38ha65f79e_0.tar.bz2#6b52289a4d2cfb2107fb54efd7dd1aa1
https://conda.anaconda.org/conda-forge/linux-64/chardet-4.0.0-py38h578d9bd_1.tar.bz2#9294a5e2c7545a2f67ac348aadd53344
https://conda.anaconda.org/conda-forge/linux-64/click-8.0.1-py38h578d9bd_0.tar.bz2#45426acde32f0ddd94dcee3478fd13e3
https://conda.anaconda.org/conda-forge/linux-64/future-0.18.2-py38h578d9bd_3.tar.bz2#73014e11488f0c0c7f18a3817734d955
https://conda.anaconda.org/conda-forge/linux-64/markupsafe-2.0.1-py38h497a2fe_0.tar.bz2#d075babffd68330d81b0488a45435698
https://conda.anaconda.org/conda-forge/linux-64/numpy-1.21.1-py38h9894fe3_0.tar.bz2#84ab79d83d91541e159a8e89113567f7
https://conda.anaconda.org/conda-forge/linux-64/pysocks-1.7.1-py38h578d9bd_3.tar.bz2#8284bab4783fd6fdd11b695958945614
https://conda.anaconda.org/conda-forge/noarch/python-dateutil-2.8.2-pyhd8ed1ab_0.tar.bz2#dd999d1cc9f79e67dbb855c8924c7984
https://conda.anaconda.org/conda-forge/linux-64/pyyaml-5.4.1-py38h497a2fe_0.tar.bz2#36d6e06148013694eb943576cd305f67
https://conda.anaconda.org/conda-forge/noarch/werkzeug-2.0.1-pyhd8ed1ab_0.tar.bz2#3b680fa0d39cccd009126087c6422fcc
https://conda.anaconda.org/conda-forge/linux-64/brotlipy-0.7.0-py38h497a2fe_1001.tar.bz2#56753dd777a6517b34966ddcb39af734
https://conda.anaconda.org/conda-forge/noarch/click-default-group-1.2.2-pyhd8ed1ab_1.tar.bz2#72a46ffc25701c173932fd55cf0965d3
https://conda.anaconda.org/conda-forge/linux-64/cryptography-3.4.7-py38ha5dfef3_0.tar.bz2#a8b014aba670157256dabdc885f71af4
https://conda.anaconda.org/conda-forge/noarch/jinja2-3.0.1-pyhd8ed1ab_0.tar.bz2#c647e77921fd3e245cdcc5b2d451a0f8
https://conda.anaconda.org/conda-forge/linux-64/pandas-1.3.1-py38h1abd341_0.tar.bz2#3e0465a9f89b2b25592a9ea6bc106c90
https://conda.anaconda.org/conda-forge/linux-64/setuptools-49.6.0-py38h578d9bd_3.tar.bz2#59c561cd1be0db9cf1c83f7d7cc74f4d
https://conda.anaconda.org/conda-forge/noarch/flask-2.0.1-pyhd8ed1ab_0.tar.bz2#3a204093fca40a90a95dc25561b2dc55
https://conda.anaconda.org/conda-forge/linux-64/gunicorn-20.1.0-py38h578d9bd_0.tar.bz2#3738a22063624d28e60c75bd569122a3
https://conda.anaconda.org/conda-forge/noarch/plotly-5.1.0-pyhd8ed1ab_1.tar.bz2#187e0471928bb524eb4ee39cc9368105
https://conda.anaconda.org/conda-forge/noarch/pyopenssl-20.0.1-pyhd8ed1ab_0.tar.bz2#92371c25994d0f5d28a01c1fb75ebf86
https://conda.anaconda.org/conda-forge/noarch/flask-compress-1.10.1-pyhd8ed1ab_0.tar.bz2#e956a2f02e2d846f41a4b3d9be8edd3d
https://conda.anaconda.org/conda-forge/noarch/urllib3-1.26.6-pyhd8ed1ab_0.tar.bz2#dea5b6d93cfbfbc2a253168ad05b3f89
https://conda.anaconda.org/conda-forge/noarch/requests-2.26.0-pyhd8ed1ab_0.tar.bz2#0ed2ccbde6db9dd5789068eb7194463f
https://conda.anaconda.org/conda-forge/noarch/ensureconda-1.4.1-pyhd8ed1ab_0.tar.bz2#52a7f7cc9076e2c8a25e15e19ad42821
https://conda.anaconda.org/conda-forge/noarch/conda-lock-0.11.1-pyhd8ed1ab_0.tar.bz2#5588b5d7e5ed39305bb484ec12801aed
https://conda.anaconda.org/conda-forge/noarch/dash-core-components-1.17.1-pyhd8ed1ab_0.tar.bz2#122c5ad05902f3a400c499aaf9522364
https://conda.anaconda.org/conda-forge/noarch/dash-html-components-1.1.4-pyhd8ed1ab_0.tar.bz2#3f9aba6e4f198f55e0228ae7d2c0567d
https://conda.anaconda.org/conda-forge/noarch/dash-1.21.0-pyhd8ed1ab_0.tar.bz2#2fd41e431f8f306dc1c4732b796eb7a3
https://conda.anaconda.org/conda-forge/noarch/dash-table-4.12.0-pyhd8ed1ab_0.tar.bz2#f549e15d148756e817e487e0ae8246ad
